// !$*UTF8*$!
{
	archiveVersion = 1;
	classes = {
	};
	objectVersion = 55;
	objects = {

/* Begin PBXBuildFile section */
		15176EFC2816501200B68ED3 /* AppDelegate.swift in Sources */ = {isa = PBXBuildFile; fileRef = 15176EFB2816501200B68ED3 /* AppDelegate.swift */; };
		15176EFE2816501200B68ED3 /* SceneDelegate.swift in Sources */ = {isa = PBXBuildFile; fileRef = 15176EFD2816501200B68ED3 /* SceneDelegate.swift */; };
		15176F032816501200B68ED3 /* Main.storyboard in Resources */ = {isa = PBXBuildFile; fileRef = 15176F012816501200B68ED3 /* Main.storyboard */; };
		15176F052816501400B68ED3 /* Assets.xcassets in Resources */ = {isa = PBXBuildFile; fileRef = 15176F042816501400B68ED3 /* Assets.xcassets */; };
		15176F082816501400B68ED3 /* LaunchScreen.storyboard in Resources */ = {isa = PBXBuildFile; fileRef = 15176F062816501400B68ED3 /* LaunchScreen.storyboard */; };
		15176F10281657AD00B68ED3 /* AllNotesTableViewController.swift in Sources */ = {isa = PBXBuildFile; fileRef = 15176F0F281657AD00B68ED3 /* AllNotesTableViewController.swift */; };
		15176F122816581300B68ED3 /* NoteModel.swift in Sources */ = {isa = PBXBuildFile; fileRef = 15176F112816581300B68ED3 /* NoteModel.swift */; };
		15176F1428165F6800B68ED3 /* NewNoteViewController.swift in Sources */ = {isa = PBXBuildFile; fileRef = 15176F1328165F6800B68ED3 /* NewNoteViewController.swift */; };
		15176F1628165FED00B68ED3 /* StorageManager.swift in Sources */ = {isa = PBXBuildFile; fileRef = 15176F1528165FED00B68ED3 /* StorageManager.swift */; };
		15176F18281660B900B68ED3 /* NotesTableViewCell.swift in Sources */ = {isa = PBXBuildFile; fileRef = 15176F17281660B900B68ED3 /* NotesTableViewCell.swift */; };
		15176F1F281759B300B68ED3 /* AllNotes.swift in Sources */ = {isa = PBXBuildFile; fileRef = 15176F1E281759B300B68ED3 /* AllNotes.swift */; };
		15176F21281759CC00B68ED3 /* NewNotes.swift in Sources */ = {isa = PBXBuildFile; fileRef = 15176F20281759CC00B68ED3 /* NewNotes.swift */; };
		15176F23281759F000B68ED3 /* AllNotesTableView.swift in Sources */ = {isa = PBXBuildFile; fileRef = 15176F22281759F000B68ED3 /* AllNotesTableView.swift */; };
		15176F2528175D8900B68ED3 /* NewNotesTableView.swift in Sources */ = {isa = PBXBuildFile; fileRef = 15176F2428175D8900B68ED3 /* NewNotesTableView.swift */; };
		C5BCE1B04940EE4EDE55E673 /* Pods_My_Notes.framework in Frameworks */ = {isa = PBXBuildFile; fileRef = D5A52F3AC306EC30118C2056 /* Pods_My_Notes.framework */; };
/* End PBXBuildFile section */

/* Begin PBXFileReference section */
		15176EF82816501200B68ED3 /* My Notes.app */ = {isa = PBXFileReference; explicitFileType = wrapper.application; includeInIndex = 0; path = "My Notes.app"; sourceTree = BUILT_PRODUCTS_DIR; };
		15176EFB2816501200B68ED3 /* AppDelegate.swift */ = {isa = PBXFileReference; lastKnownFileType = sourcecode.swift; path = AppDelegate.swift; sourceTree = "<group>"; };
		15176EFD2816501200B68ED3 /* SceneDelegate.swift */ = {isa = PBXFileReference; lastKnownFileType = sourcecode.swift; path = SceneDelegate.swift; sourceTree = "<group>"; };
		15176F022816501200B68ED3 /* Base */ = {isa = PBXFileReference; lastKnownFileType = file.storyboard; name = Base; path = Base.lproj/Main.storyboard; sourceTree = "<group>"; };
		15176F042816501400B68ED3 /* Assets.xcassets */ = {isa = PBXFileReference; lastKnownFileType = folder.assetcatalog; path = Assets.xcassets; sourceTree = "<group>"; };
		15176F072816501400B68ED3 /* Base */ = {isa = PBXFileReference; lastKnownFileType = file.storyboard; name = Base; path = Base.lproj/LaunchScreen.storyboard; sourceTree = "<group>"; };
		15176F092816501400B68ED3 /* Info.plist */ = {isa = PBXFileReference; lastKnownFileType = text.plist.xml; path = Info.plist; sourceTree = "<group>"; };
		15176F0F281657AD00B68ED3 /* AllNotesTableViewController.swift */ = {isa = PBXFileReference; lastKnownFileType = sourcecode.swift; path = AllNotesTableViewController.swift; sourceTree = "<group>"; };
		15176F112816581300B68ED3 /* NoteModel.swift */ = {isa = PBXFileReference; lastKnownFileType = sourcecode.swift; path = NoteModel.swift; sourceTree = "<group>"; };
		15176F1328165F6800B68ED3 /* NewNoteViewController.swift */ = {isa = PBXFileReference; lastKnownFileType = sourcecode.swift; path = NewNoteViewController.swift; sourceTree = "<group>"; };
		15176F1528165FED00B68ED3 /* StorageManager.swift */ = {isa = PBXFileReference; lastKnownFileType = sourcecode.swift; path = StorageManager.swift; sourceTree = "<group>"; };
		15176F17281660B900B68ED3 /* NotesTableViewCell.swift */ = {isa = PBXFileReference; lastKnownFileType = sourcecode.swift; path = NotesTableViewCell.swift; sourceTree = "<group>"; };
		15176F1E281759B300B68ED3 /* AllNotes.swift */ = {isa = PBXFileReference; lastKnownFileType = sourcecode.swift; path = AllNotes.swift; sourceTree = "<group>"; };
		15176F20281759CC00B68ED3 /* NewNotes.swift */ = {isa = PBXFileReference; lastKnownFileType = sourcecode.swift; path = NewNotes.swift; sourceTree = "<group>"; };
		15176F22281759F000B68ED3 /* AllNotesTableView.swift */ = {isa = PBXFileReference; lastKnownFileType = sourcecode.swift; path = AllNotesTableView.swift; sourceTree = "<group>"; };
		15176F2428175D8900B68ED3 /* NewNotesTableView.swift */ = {isa = PBXFileReference; lastKnownFileType = sourcecode.swift; path = NewNotesTableView.swift; sourceTree = "<group>"; };
		9B692A3841BB584E0C151CAA /* Pods-My Notes.release.xcconfig */ = {isa = PBXFileReference; includeInIndex = 1; lastKnownFileType = text.xcconfig; name = "Pods-My Notes.release.xcconfig"; path = "Target Support Files/Pods-My Notes/Pods-My Notes.release.xcconfig"; sourceTree = "<group>"; };
		C3549828F782EDE408AD292A /* Pods-My Notes.debug.xcconfig */ = {isa = PBXFileReference; includeInIndex = 1; lastKnownFileType = text.xcconfig; name = "Pods-My Notes.debug.xcconfig"; path = "Target Support Files/Pods-My Notes/Pods-My Notes.debug.xcconfig"; sourceTree = "<group>"; };
		D5A52F3AC306EC30118C2056 /* Pods_My_Notes.framework */ = {isa = PBXFileReference; explicitFileType = wrapper.framework; includeInIndex = 0; path = Pods_My_Notes.framework; sourceTree = BUILT_PRODUCTS_DIR; };
/* End PBXFileReference section */

/* Begin PBXFrameworksBuildPhase section */
		15176EF52816501200B68ED3 /* Frameworks */ = {
			isa = PBXFrameworksBuildPhase;
			buildActionMask = 2147483647;
			files = (
				C5BCE1B04940EE4EDE55E673 /* Pods_My_Notes.framework in Frameworks */,
			);
			runOnlyForDeploymentPostprocessing = 0;
		};
/* End PBXFrameworksBuildPhase section */

/* Begin PBXGroup section */
		15176EEF2816501200B68ED3 = {
			isa = PBXGroup;
			children = (
				15176EFA2816501200B68ED3 /* My Notes */,
				15176EF92816501200B68ED3 /* Products */,
				E27E2744879D8CBD8DCE4A40 /* Pods */,
				54EC9C7396785C1461EC8D9C /* Frameworks */,
			);
			sourceTree = "<group>";
		};
		15176EF92816501200B68ED3 /* Products */ = {
			isa = PBXGroup;
			children = (
				15176EF82816501200B68ED3 /* My Notes.app */,
			);
			name = Products;
			sourceTree = "<group>";
		};
		15176EFA2816501200B68ED3 /* My Notes */ = {
			isa = PBXGroup;
			children = (
				15176F19281758E500B68ED3 /* ViewController */,
				15176F2628175E2F00B68ED3 /* TableViewSettings */,
				15176F1A281758EF00B68ED3 /* Model */,
				15176F1B281758F500B68ED3 /* Extension */,
				15176F1D2817593400B68ED3 /* StorageManager */,
				15176F042816501400B68ED3 /* Assets.xcassets */,
				15176F012816501200B68ED3 /* Main.storyboard */,
				15176F062816501400B68ED3 /* LaunchScreen.storyboard */,
				15176F092816501400B68ED3 /* Info.plist */,
			);
			path = "My Notes";
			sourceTree = "<group>";
		};
		15176F19281758E500B68ED3 /* ViewController */ = {
			isa = PBXGroup;
			children = (
				15176F0F281657AD00B68ED3 /* AllNotesTableViewController.swift */,
				15176F1328165F6800B68ED3 /* NewNoteViewController.swift */,
			);
			path = ViewController;
			sourceTree = "<group>";
		};
		15176F1A281758EF00B68ED3 /* Model */ = {
			isa = PBXGroup;
			children = (
				15176F112816581300B68ED3 /* NoteModel.swift */,
				15176F17281660B900B68ED3 /* NotesTableViewCell.swift */,
			);
			path = Model;
			sourceTree = "<group>";
		};
		15176F1B281758F500B68ED3 /* Extension */ = {
			isa = PBXGroup;
			children = (
				15176EFB2816501200B68ED3 /* AppDelegate.swift */,
				15176EFD2816501200B68ED3 /* SceneDelegate.swift */,
				15176F1E281759B300B68ED3 /* AllNotes.swift */,
				15176F20281759CC00B68ED3 /* NewNotes.swift */,
			);
			path = Extension;
			sourceTree = "<group>";
		};
		15176F1D2817593400B68ED3 /* StorageManager */ = {
			isa = PBXGroup;
			children = (
				15176F1528165FED00B68ED3 /* StorageManager.swift */,
			);
			path = StorageManager;
			sourceTree = "<group>";
		};
		15176F2628175E2F00B68ED3 /* TableViewSettings */ = {
			isa = PBXGroup;
			children = (
				15176F22281759F000B68ED3 /* AllNotesTableView.swift */,
				15176F2428175D8900B68ED3 /* NewNotesTableView.swift */,
			);
			path = TableViewSettings;
			sourceTree = "<group>";
		};
		54EC9C7396785C1461EC8D9C /* Frameworks */ = {
			isa = PBXGroup;
			children = (
				D5A52F3AC306EC30118C2056 /* Pods_My_Notes.framework */,
			);
			name = Frameworks;
			sourceTree = "<group>";
		};
		E27E2744879D8CBD8DCE4A40 /* Pods */ = {
			isa = PBXGroup;
			children = (
				C3549828F782EDE408AD292A /* Pods-My Notes.debug.xcconfig */,
				9B692A3841BB584E0C151CAA /* Pods-My Notes.release.xcconfig */,
			);
			path = Pods;
			sourceTree = "<group>";
		};
/* End PBXGroup section */

/* Begin PBXNativeTarget section */
		15176EF72816501200B68ED3 /* My Notes */ = {
			isa = PBXNativeTarget;
			buildConfigurationList = 15176F0C2816501400B68ED3 /* Build configuration list for PBXNativeTarget "My Notes" */;
			buildPhases = (
				23397CC1153F21DFAD407BE7 /* [CP] Check Pods Manifest.lock */,
				15176EF42816501200B68ED3 /* Sources */,
				15176EF52816501200B68ED3 /* Frameworks */,
				15176EF62816501200B68ED3 /* Resources */,
				8CA16280CAF84321A5988916 /* [CP] Embed Pods Frameworks */,
			);
			buildRules = (
			);
			dependencies = (
			);
			name = "My Notes";
			productName = "My Notes";
			productReference = 15176EF82816501200B68ED3 /* My Notes.app */;
			productType = "com.apple.product-type.application";
		};
/* End PBXNativeTarget section */

/* Begin PBXProject section */
		15176EF02816501200B68ED3 /* Project object */ = {
			isa = PBXProject;
			attributes = {
				BuildIndependentTargetsInParallel = 1;
				LastSwiftUpdateCheck = 1320;
				LastUpgradeCheck = 1320;
				TargetAttributes = {
					15176EF72816501200B68ED3 = {
						CreatedOnToolsVersion = 13.2.1;
					};
				};
			};
			buildConfigurationList = 15176EF32816501200B68ED3 /* Build configuration list for PBXProject "My Notes" */;
			compatibilityVersion = "Xcode 13.0";
			developmentRegion = en;
			hasScannedForEncodings = 0;
			knownRegions = (
				en,
				Base,
			);
			mainGroup = 15176EEF2816501200B68ED3;
			productRefGroup = 15176EF92816501200B68ED3 /* Products */;
			projectDirPath = "";
			projectRoot = "";
			targets = (
				15176EF72816501200B68ED3 /* My Notes */,
			);
		};
/* End PBXProject section */

/* Begin PBXResourcesBuildPhase section */
		15176EF62816501200B68ED3 /* Resources */ = {
			isa = PBXResourcesBuildPhase;
			buildActionMask = 2147483647;
			files = (
				15176F082816501400B68ED3 /* LaunchScreen.storyboard in Resources */,
				15176F052816501400B68ED3 /* Assets.xcassets in Resources */,
				15176F032816501200B68ED3 /* Main.storyboard in Resources */,
			);
			runOnlyForDeploymentPostprocessing = 0;
		};
/* End PBXResourcesBuildPhase section */

/* Begin PBXShellScriptBuildPhase section */
		23397CC1153F21DFAD407BE7 /* [CP] Check Pods Manifest.lock */ = {
			isa = PBXShellScriptBuildPhase;
			buildActionMask = 2147483647;
			files = (
			);
			inputFileListPaths = (
			);
			inputPaths = (
				"${PODS_PODFILE_DIR_PATH}/Podfile.lock",
				"${PODS_ROOT}/Manifest.lock",
			);
			name = "[CP] Check Pods Manifest.lock";
			outputFileListPaths = (
			);
			outputPaths = (
				"$(DERIVED_FILE_DIR)/Pods-My Notes-checkManifestLockResult.txt",
			);
			runOnlyForDeploymentPostprocessing = 0;
			shellPath = /bin/sh;
			shellScript = "diff \"${PODS_PODFILE_DIR_PATH}/Podfile.lock\" \"${PODS_ROOT}/Manifest.lock\" > /dev/null\nif [ $? != 0 ] ; then\n    # print error to STDERR\n    echo \"error: The sandbox is not in sync with the Podfile.lock. Run 'pod install' or update your CocoaPods installation.\" >&2\n    exit 1\nfi\n# This output is used by Xcode 'outputs' to avoid re-running this script phase.\necho \"SUCCESS\" > \"${SCRIPT_OUTPUT_FILE_0}\"\n";
			showEnvVarsInLog = 0;
		};
		8CA16280CAF84321A5988916 /* [CP] Embed Pods Frameworks */ = {
			isa = PBXShellScriptBuildPhase;
			buildActionMask = 2147483647;
			files = (
			);
			inputFileListPaths = (
				"${PODS_ROOT}/Target Support Files/Pods-My Notes/Pods-My Notes-frameworks-${CONFIGURATION}-input-files.xcfilelist",
			);
			name = "[CP] Embed Pods Frameworks";
			outputFileListPaths = (
				"${PODS_ROOT}/Target Support Files/Pods-My Notes/Pods-My Notes-frameworks-${CONFIGURATION}-output-files.xcfilelist",
			);
			runOnlyForDeploymentPostprocessing = 0;
			shellPath = /bin/sh;
			shellScript = "\"${PODS_ROOT}/Target Support Files/Pods-My Notes/Pods-My Notes-frameworks.sh\"\n";
			showEnvVarsInLog = 0;
		};
/* End PBXShellScriptBuildPhase section */

/* Begin PBXSourcesBuildPhase section */
		15176EF42816501200B68ED3 /* Sources */ = {
			isa = PBXSourcesBuildPhase;
			buildActionMask = 2147483647;
			files = (
				15176F1428165F6800B68ED3 /* NewNoteViewController.swift in Sources */,
				15176F122816581300B68ED3 /* NoteModel.swift in Sources */,
				15176F21281759CC00B68ED3 /* NewNotes.swift in Sources */,
				15176EFC2816501200B68ED3 /* AppDelegate.swift in Sources */,
				15176F1F281759B300B68ED3 /* AllNotes.swift in Sources */,
				15176F1628165FED00B68ED3 /* StorageManager.swift in Sources */,
				15176F2528175D8900B68ED3 /* NewNotesTableView.swift in Sources */,
				15176EFE2816501200B68ED3 /* SceneDelegate.swift in Sources */,
				15176F18281660B900B68ED3 /* NotesTableViewCell.swift in Sources */,
				15176F10281657AD00B68ED3 /* AllNotesTableViewController.swift in Sources */,
				15176F23281759F000B68ED3 /* AllNotesTableView.swift in Sources */,
			);
			runOnlyForDeploymentPostprocessing = 0;
		};
/* End PBXSourcesBuildPhase section */

/* Begin PBXVariantGroup section */
		15176F012816501200B68ED3 /* Main.storyboard */ = {
			isa = PBXVariantGroup;
			children = (
				15176F022816501200B68ED3 /* Base */,
			);
			name = Main.storyboard;
			sourceTree = "<group>";
		};
		15176F062816501400B68ED3 /* LaunchScreen.storyboard */ = {
			isa = PBXVariantGroup;
			children = (
				15176F072816501400B68ED3 /* Base */,
			);
			name = LaunchScreen.storyboard;
			sourceTree = "<group>";
		};
/* End PBXVariantGroup section */

/* Begin XCBuildConfiguration section */
		15176F0A2816501400B68ED3 /* Debug */ = {
			isa = XCBuildConfiguration;
			buildSettings = {
				ALWAYS_SEARCH_USER_PATHS = NO;
				CLANG_ANALYZER_NONNULL = YES;
				CLANG_ANALYZER_NUMBER_OBJECT_CONVERSION = YES_AGGRESSIVE;
				CLANG_CXX_LANGUAGE_STANDARD = "gnu++17";
				CLANG_CXX_LIBRARY = "libc++";
				CLANG_ENABLE_MODULES = YES;
				CLANG_ENABLE_OBJC_ARC = YES;
				CLANG_ENABLE_OBJC_WEAK = YES;
				CLANG_WARN_BLOCK_CAPTURE_AUTORELEASING = YES;
				CLANG_WARN_BOOL_CONVERSION = YES;
				CLANG_WARN_COMMA = YES;
				CLANG_WARN_CONSTANT_CONVERSION = YES;
				CLANG_WARN_DEPRECATED_OBJC_IMPLEMENTATIONS = YES;
				CLANG_WARN_DIRECT_OBJC_ISA_USAGE = YES_ERROR;
				CLANG_WARN_DOCUMENTATION_COMMENTS = YES;
				CLANG_WARN_EMPTY_BODY = YES;
				CLANG_WARN_ENUM_CONVERSION = YES;
				CLANG_WARN_INFINITE_RECURSION = YES;
				CLANG_WARN_INT_CONVERSION = YES;
				CLANG_WARN_NON_LITERAL_NULL_CONVERSION = YES;
				CLANG_WARN_OBJC_IMPLICIT_RETAIN_SELF = YES;
				CLANG_WARN_OBJC_LITERAL_CONVERSION = YES;
				CLANG_WARN_OBJC_ROOT_CLASS = YES_ERROR;
				CLANG_WARN_QUOTED_INCLUDE_IN_FRAMEWORK_HEADER = YES;
				CLANG_WARN_RANGE_LOOP_ANALYSIS = YES;
				CLANG_WARN_STRICT_PROTOTYPES = YES;
				CLANG_WARN_SUSPICIOUS_MOVE = YES;
				CLANG_WARN_UNGUARDED_AVAILABILITY = YES_AGGRESSIVE;
				CLANG_WARN_UNREACHABLE_CODE = YES;
				CLANG_WARN__DUPLICATE_METHOD_MATCH = YES;
				COPY_PHASE_STRIP = NO;
				DEBUG_INFORMATION_FORMAT = dwarf;
				ENABLE_STRICT_OBJC_MSGSEND = YES;
				ENABLE_TESTABILITY = YES;
				GCC_C_LANGUAGE_STANDARD = gnu11;
				GCC_DYNAMIC_NO_PIC = NO;
				GCC_NO_COMMON_BLOCKS = YES;
				GCC_OPTIMIZATION_LEVEL = 0;
				GCC_PREPROCESSOR_DEFINITIONS = (
					"DEBUG=1",
					"$(inherited)",
				);
				GCC_WARN_64_TO_32_BIT_CONVERSION = YES;
				GCC_WARN_ABOUT_RETURN_TYPE = YES_ERROR;
				GCC_WARN_UNDECLARED_SELECTOR = YES;
				GCC_WARN_UNINITIALIZED_AUTOS = YES_AGGRESSIVE;
				GCC_WARN_UNUSED_FUNCTION = YES;
				GCC_WARN_UNUSED_VARIABLE = YES;
				IPHONEOS_DEPLOYMENT_TARGET = 15.2;
				MTL_ENABLE_DEBUG_INFO = INCLUDE_SOURCE;
				MTL_FAST_MATH = YES;
				ONLY_ACTIVE_ARCH = YES;
				SDKROOT = iphoneos;
				SWIFT_ACTIVE_COMPILATION_CONDITIONS = DEBUG;
				SWIFT_OPTIMIZATION_LEVEL = "-Onone";
			};
			name = Debug;
		};
		15176F0B2816501400B68ED3 /* Release */ = {
			isa = XCBuildConfiguration;
			buildSettings = {
				ALWAYS_SEARCH_USER_PATHS = NO;
				CLANG_ANALYZER_NONNULL = YES;
				CLANG_ANALYZER_NUMBER_OBJECT_CONVERSION = YES_AGGRESSIVE;
				CLANG_CXX_LANGUAGE_STANDARD = "gnu++17";
				CLANG_CXX_LIBRARY = "libc++";
				CLANG_ENABLE_MODULES = YES;
				CLANG_ENABLE_OBJC_ARC = YES;
				CLANG_ENABLE_OBJC_WEAK = YES;
				CLANG_WARN_BLOCK_CAPTURE_AUTORELEASING = YES;
				CLANG_WARN_BOOL_CONVERSION = YES;
				CLANG_WARN_COMMA = YES;
				CLANG_WARN_CONSTANT_CONVERSION = YES;
				CLANG_WARN_DEPRECATED_OBJC_IMPLEMENTATIONS = YES;
				CLANG_WARN_DIRECT_OBJC_ISA_USAGE = YES_ERROR;
				CLANG_WARN_DOCUMENTATION_COMMENTS = YES;
				CLANG_WARN_EMPTY_BODY = YES;
				CLANG_WARN_ENUM_CONVERSION = YES;
				CLANG_WARN_INFINITE_RECURSION = YES;
				CLANG_WARN_INT_CONVERSION = YES;
				CLANG_WARN_NON_LITERAL_NULL_CONVERSION = YES;
				CLANG_WARN_OBJC_IMPLICIT_RETAIN_SELF = YES;
				CLANG_WARN_OBJC_LITERAL_CONVERSION = YES;
				CLANG_WARN_OBJC_ROOT_CLASS = YES_ERROR;
				CLANG_WARN_QUOTED_INCLUDE_IN_FRAMEWORK_HEADER = YES;
				CLANG_WARN_RANGE_LOOP_ANALYSIS = YES;
				CLANG_WARN_STRICT_PROTOTYPES = YES;
				CLANG_WARN_SUSPICIOUS_MOVE = YES;
				CLANG_WARN_UNGUARDED_AVAILABILITY = YES_AGGRESSIVE;
				CLANG_WARN_UNREACHABLE_CODE = YES;
				CLANG_WARN__DUPLICATE_METHOD_MATCH = YES;
				COPY_PHASE_STRIP = NO;
				DEBUG_INFORMATION_FORMAT = "dwarf-with-dsym";
				ENABLE_NS_ASSERTIONS = NO;
				ENABLE_STRICT_OBJC_MSGSEND = YES;
				GCC_C_LANGUAGE_STANDARD = gnu11;
				GCC_NO_COMMON_BLOCKS = YES;
				GCC_WARN_64_TO_32_BIT_CONVERSION = YES;
				GCC_WARN_ABOUT_RETURN_TYPE = YES_ERROR;
				GCC_WARN_UNDECLARED_SELECTOR = YES;
				GCC_WARN_UNINITIALIZED_AUTOS = YES_AGGRESSIVE;
				GCC_WARN_UNUSED_FUNCTION = YES;
				GCC_WARN_UNUSED_VARIABLE = YES;
				IPHONEOS_DEPLOYMENT_TARGET = 15.2;
				MTL_ENABLE_DEBUG_INFO = NO;
				MTL_FAST_MATH = YES;
				SDKROOT = iphoneos;
				SWIFT_COMPILATION_MODE = wholemodule;
				SWIFT_OPTIMIZATION_LEVEL = "-O";
				VALIDATE_PRODUCT = YES;
			};
			name = Release;
		};
		15176F0D2816501400B68ED3 /* Debug */ = {
			isa = XCBuildConfiguration;
			baseConfigurationReference = C3549828F782EDE408AD292A /* Pods-My Notes.debug.xcconfig */;
			buildSettings = {
				ASSETCATALOG_COMPILER_APPICON_NAME = AppIcon;
				ASSETCATALOG_COMPILER_GLOBAL_ACCENT_COLOR_NAME = AccentColor;
				CODE_SIGN_STYLE = Automatic;
				CURRENT_PROJECT_VERSION = 1;
				DEVELOPMENT_TEAM = WM2J5647TH;
				GENERATE_INFOPLIST_FILE = YES;
				INFOPLIST_FILE = "My Notes/Info.plist";
				INFOPLIST_KEY_UIApplicationSupportsIndirectInputEvents = YES;
				INFOPLIST_KEY_UILaunchStoryboardName = LaunchScreen;
				INFOPLIST_KEY_UIMainStoryboardFile = Main;
				INFOPLIST_KEY_UISupportedInterfaceOrientations_iPad = "UIInterfaceOrientationPortrait UIInterfaceOrientationPortraitUpsideDown UIInterfaceOrientationLandscapeLeft UIInterfaceOrientationLandscapeRight";
				INFOPLIST_KEY_UISupportedInterfaceOrientations_iPhone = "UIInterfaceOrientationPortrait UIInterfaceOrientationLandscapeLeft UIInterfaceOrientationLandscapeRight";
				LD_RUNPATH_SEARCH_PATHS = (
					"$(inherited)",
					"@executable_path/Frameworks",
				);
				MARKETING_VERSION = 1.0;
				PRODUCT_BUNDLE_IDENTIFIER = "SergeyKuznetsov.My-Notes";
				PRODUCT_NAME = "$(TARGET_NAME)";
				SWIFT_EMIT_LOC_STRINGS = YES;
				SWIFT_VERSION = 5.0;
				TARGETED_DEVICE_FAMILY = "1,2";
			};
			name = Debug;
		};
		15176F0E2816501400B68ED3 /* Release */ = {
			isa = XCBuildConfiguration;
			baseConfigurationReference = 9B692A3841BB584E0C151CAA /* Pods-My Notes.release.xcconfig */;
			buildSettings = {
				ASSETCATALOG_COMPILER_APPICON_NAME = AppIcon;
				ASSETCATALOG_COMPILER_GLOBAL_ACCENT_COLOR_NAME = AccentColor;
				CODE_SIGN_STYLE = Automatic;
				CURRENT_PROJECT_VERSION = 1;
				DEVELOPMENT_TEAM = WM2J5647TH;
				GENERATE_INFOPLIST_FILE = YES;
				INFOPLIST_FILE = "My Notes/Info.plist";
				INFOPLIST_KEY_UIApplicationSupportsIndirectInputEvents = YES;
				INFOPLIST_KEY_UILaunchStoryboardName = LaunchScreen;
				INFOPLIST_KEY_UIMainStoryboardFile = Main;
				INFOPLIST_KEY_UISupportedInterfaceOrientations_iPad = "UIInterfaceOrientationPortrait UIInterfaceOrientationPortraitUpsideDown UIInterfaceOrientationLandscapeLeft UIInterfaceOrientationLandscapeRight";
				INFOPLIST_KEY_UISupportedInterfaceOrientations_iPhone = "UIInterfaceOrientationPortrait UIInterfaceOrientationLandscapeLeft UIInterfaceOrientationLandscapeRight";
				LD_RUNPATH_SEARCH_PATHS = (
					"$(inherited)",
					"@executable_path/Frameworks",
				);
				MARKETING_VERSION = 1.0;
				PRODUCT_BUNDLE_IDENTIFIER = "SergeyKuznetsov.My-Notes";
				PRODUCT_NAME = "$(TARGET_NAME)";
				SWIFT_EMIT_LOC_STRINGS = YES;
				SWIFT_VERSION = 5.0;
				TARGETED_DEVICE_FAMILY = "1,2";
			};
			name = Release;
		};
/* End XCBuildConfiguration section */

/* Begin XCConfigurationList section */
		15176EF32816501200B68ED3 /* Build configuration list for PBXProject "My Notes" */ = {
			isa = XCConfigurationList;
			buildConfigurations = (
				15176F0A2816501400B68ED3 /* Debug */,
				15176F0B2816501400B68ED3 /* Release */,
			);
			defaultConfigurationIsVisible = 0;
			defaultConfigurationName = Release;
		};
		15176F0C2816501400B68ED3 /* Build configuration list for PBXNativeTarget "My Notes" */ = {
			isa = XCConfigurationList;
			buildConfigurations = (
				15176F0D2816501400B68ED3 /* Debug */,
				15176F0E2816501400B68ED3 /* Release */,
			);
			defaultConfigurationIsVisible = 0;
			defaultConfigurationName = Release;
		};
/* End XCConfigurationList section */
	};
	rootObject = 15176EF02816501200B68ED3 /* Project object */;
}
